
Microsoft Visual Studio Solution File, Format Version 12.00
# Visual Studio Version 17
VisualStudioVersion = 17.12.35707.178 d17.12
MinimumVisualStudioVersion = 10.0.40219.1
Project("{FAE04EC0-301F-11D3-BF4B-00C04F79EFBC}") = "WndApp_2025", "WndApp_2025\WndApp_2025.csproj", "{D4FF3317-3271-48BE-8300-E3DB7D8AAD2A}"
EndProject
Global
	GlobalSection(SolutionConfigurationPlatforms) = preSolution
		Debug|Any CPU = Debug|Any CPU
		Release|Any CPU = Release|Any CPU
	EndGlobalSection
	GlobalSection(ProjectConfigurationPlatforms) = postSolution
		{D4FF3317-3271-48BE-8300-E3DB7D8AAD2A}.Debug|Any CPU.ActiveCfg = Debug|Any CPU
		{D4FF3317-3271-48BE-8300-E3DB7D8AAD2A}.Debug|Any CPU.Build.0 = Debug|Any CPU
		{D4FF3317-3271-48BE-8300-E3DB7D8AAD2A}.Release|Any CPU.ActiveCfg = Release|Any CPU
		{D4FF3317-3271-48BE-8300-E3DB7D8AAD2A}.Release|Any CPU.Build.0 = Release|Any CPU
	EndGlobalSection
	GlobalSection(SolutionProperties) = preSolution
		HideSolutionNode = FALSE
	EndGlobalSection
EndGlobal
